
Microsoft Visual Studio Solution File, Format Version 12.00
# Visual Studio 15
VisualStudioVersion = 15.0.28010.2036
MinimumVisualStudioVersion = 10.0.40219.1
Project("{FAE04EC0-301F-11D3-BF4B-00C04F79EFBC}") = "PhotoLiker", "PhotoLiker.csproj", "{E798403C-C7A3-4601-861E-9820DA16B9AE}"
EndProject
Global
	GlobalSection(SolutionConfigurationPlatforms) = preSolution
		Debug|x86 = Debug|x86
		Release|x86 = Release|x86
	EndGlobalSection
	GlobalSection(ProjectConfigurationPlatforms) = postSolution
		{E798403C-C7A3-4601-861E-9820DA16B9AE}.Debug|x86.ActiveCfg = Debug|x86
		{E798403C-C7A3-4601-861E-9820DA16B9AE}.Debug|x86.Build.0 = Debug|x86
		{E798403C-C7A3-4601-861E-9820DA16B9AE}.Release|x86.ActiveCfg = Release|x86
		{E798403C-C7A3-4601-861E-9820DA16B9AE}.Release|x86.Build.0 = Release|x86
	EndGlobalSection
	GlobalSection(SolutionProperties) = preSolution
		HideSolutionNode = FALSE
	EndGlobalSection
	GlobalSection(ExtensibilityGlobals) = postSolution
		SolutionGuid = {B20177D6-077B-40DB-BBF7-9FCD5BD36025}
	EndGlobalSection
EndGlobal
